
Microsoft Visual Studio Solution File, Format Version 12.00
# Visual Studio Version 17
VisualStudioVersion = 17.9.34607.119
MinimumVisualStudioVersion = 10.0.40219.1
Project("{FAE04EC0-301F-11D3-BF4B-00C04F79EFBC}") = "C#_Homework_3.1", "C#_Homework_3.1\C#_Homework_3.1.csproj", "{2DB7A3D4-B37E-49FE-841E-5B32B700F384}"
EndProject
Global
	GlobalSection(SolutionConfigurationPlatforms) = preSolution
		Debug|Any CPU = Debug|Any CPU
		Release|Any CPU = Release|Any CPU
	EndGlobalSection
	GlobalSection(ProjectConfigurationPlatforms) = postSolution
		{2DB7A3D4-B37E-49FE-841E-5B32B700F384}.Debug|Any CPU.ActiveCfg = Debug|Any CPU
		{2DB7A3D4-B37E-49FE-841E-5B32B700F384}.Debug|Any CPU.Build.0 = Debug|Any CPU
		{2DB7A3D4-B37E-49FE-841E-5B32B700F384}.Release|Any CPU.ActiveCfg = Release|Any CPU
		{2DB7A3D4-B37E-49FE-841E-5B32B700F384}.Release|Any CPU.Build.0 = Release|Any CPU
	EndGlobalSection
	GlobalSection(SolutionProperties) = preSolution
		HideSolutionNode = FALSE
	EndGlobalSection
	GlobalSection(ExtensibilityGlobals) = postSolution
		SolutionGuid = {19614FEC-F1A1-417B-A205-D655AE203841}
	EndGlobalSection
EndGlobal
